
Microsoft Visual Studio Solution File, Format Version 12.00
# Visual Studio Version 16
VisualStudioVersion = 16.0.30413.136
MinimumVisualStudioVersion = 10.0.40219.1
Project("{FAE04EC0-301F-11D3-BF4B-00C04F79EFBC}") = "WebApplicaction", "WebApplicaction.csproj", "{204F798C-CBE2-4F6C-B60C-E35C09A2C21E}"
EndProject
Global
	GlobalSection(SolutionConfigurationPlatforms) = preSolution
		Debug|Any CPU = Debug|Any CPU
		Release|Any CPU = Release|Any CPU
	EndGlobalSection
	GlobalSection(ProjectConfigurationPlatforms) = postSolution
		{204F798C-CBE2-4F6C-B60C-E35C09A2C21E}.Debug|Any CPU.ActiveCfg = Debug|Any CPU
		{204F798C-CBE2-4F6C-B60C-E35C09A2C21E}.Debug|Any CPU.Build.0 = Debug|Any CPU
		{204F798C-CBE2-4F6C-B60C-E35C09A2C21E}.Release|Any CPU.ActiveCfg = Release|Any CPU
		{204F798C-CBE2-4F6C-B60C-E35C09A2C21E}.Release|Any CPU.Build.0 = Release|Any CPU
	EndGlobalSection
	GlobalSection(SolutionProperties) = preSolution
		HideSolutionNode = FALSE
	EndGlobalSection
	GlobalSection(ExtensibilityGlobals) = postSolution
		SolutionGuid = {E21443F8-B035-410F-BDD2-CCA86A27BD68}
	EndGlobalSection
EndGlobal
